
Microsoft Visual Studio Solution File, Format Version 12.00
# Visual Studio Version 16
VisualStudioVersion = 16.0.30128.74
MinimumVisualStudioVersion = 10.0.40219.1
Project("{8BC9CEB8-8B4A-11D0-8D11-00A0C91BC942}") = "MFC_QLDSV", "MFC_QLDSV\MFC_QLDSV.vcxproj", "{BBAB2338-1336-4A9E-B407-E67C79757DD4}"
EndProject
Global
	GlobalSection(SolutionConfigurationPlatforms) = preSolution
		Debug|x64 = Debug|x64
		Debug|x86 = Debug|x86
		Release|x64 = Release|x64
		Release|x86 = Release|x86
	EndGlobalSection
	GlobalSection(ProjectConfigurationPlatforms) = postSolution
		{BBAB2338-1336-4A9E-B407-E67C79757DD4}.Debug|x64.ActiveCfg = Debug|x64
		{BBAB2338-1336-4A9E-B407-E67C79757DD4}.Debug|x64.Build.0 = Debug|x64
		{BBAB2338-1336-4A9E-B407-E67C79757DD4}.Debug|x86.ActiveCfg = Debug|Win32
		{BBAB2338-1336-4A9E-B407-E67C79757DD4}.Debug|x86.Build.0 = Debug|Win32
		{BBAB2338-1336-4A9E-B407-E67C79757DD4}.Release|x64.ActiveCfg = Release|x64
		{BBAB2338-1336-4A9E-B407-E67C79757DD4}.Release|x64.Build.0 = Release|x64
		{BBAB2338-1336-4A9E-B407-E67C79757DD4}.Release|x86.ActiveCfg = Release|Win32
		{BBAB2338-1336-4A9E-B407-E67C79757DD4}.Release|x86.Build.0 = Release|Win32
	EndGlobalSection
	GlobalSection(SolutionProperties) = preSolution
		HideSolutionNode = FALSE
	EndGlobalSection
	GlobalSection(ExtensibilityGlobals) = postSolution
		SolutionGuid = {B1A73FED-3A48-4FD0-BE6D-79DAEA437EA6}
	EndGlobalSection
EndGlobal
